
Microsoft Visual Studio Solution File, Format Version 12.00
# Visual Studio Version 16
VisualStudioVersion = 16.0.30517.126
MinimumVisualStudioVersion = 10.0.40219.1
Project("{FAE04EC0-301F-11D3-BF4B-00C04F79EFBC}") = "Goal_Achievement_Control_Windows_App", "Goal_Achievement_Control_Windows_App.csproj", "{0B9AC768-77ED-422D-8247-FC6212CBAE96}"
EndProject
Global
	GlobalSection(SolutionConfigurationPlatforms) = preSolution
		Debug|Any CPU = Debug|Any CPU
		Release|Any CPU = Release|Any CPU
	EndGlobalSection
	GlobalSection(ProjectConfigurationPlatforms) = postSolution
		{0B9AC768-77ED-422D-8247-FC6212CBAE96}.Debug|Any CPU.ActiveCfg = Debug|Any CPU
		{0B9AC768-77ED-422D-8247-FC6212CBAE96}.Debug|Any CPU.Build.0 = Debug|Any CPU
		{0B9AC768-77ED-422D-8247-FC6212CBAE96}.Release|Any CPU.ActiveCfg = Release|Any CPU
		{0B9AC768-77ED-422D-8247-FC6212CBAE96}.Release|Any CPU.Build.0 = Release|Any CPU
	EndGlobalSection
	GlobalSection(SolutionProperties) = preSolution
		HideSolutionNode = FALSE
	EndGlobalSection
	GlobalSection(ExtensibilityGlobals) = postSolution
		SolutionGuid = {6E730634-D8AF-474D-99BB-1E3926082C14}
	EndGlobalSection
EndGlobal
